
Microsoft Visual Studio Solution File, Format Version 12.00
# Visual Studio Version 17
VisualStudioVersion = 17.7.34024.191
MinimumVisualStudioVersion = 10.0.40219.1
Project("{FAE04EC0-301F-11D3-BF4B-00C04F79EFBC}") = "Parser", "Parser\Parser.csproj", "{F73F31C9-F595-44CE-8068-A05039C71713}"
EndProject
Global
	GlobalSection(SolutionConfigurationPlatforms) = preSolution
		Debug|Any CPU = Debug|Any CPU
		Release|Any CPU = Release|Any CPU
	EndGlobalSection
	GlobalSection(ProjectConfigurationPlatforms) = postSolution
		{F73F31C9-F595-44CE-8068-A05039C71713}.Debug|Any CPU.ActiveCfg = Debug|Any CPU
		{F73F31C9-F595-44CE-8068-A05039C71713}.Debug|Any CPU.Build.0 = Debug|Any CPU
		{F73F31C9-F595-44CE-8068-A05039C71713}.Release|Any CPU.ActiveCfg = Release|Any CPU
		{F73F31C9-F595-44CE-8068-A05039C71713}.Release|Any CPU.Build.0 = Release|Any CPU
	EndGlobalSection
	GlobalSection(SolutionProperties) = preSolution
		HideSolutionNode = FALSE
	EndGlobalSection
	GlobalSection(ExtensibilityGlobals) = postSolution
		SolutionGuid = {333C93B3-2C2A-4DDD-8095-B1A35BB7022E}
	EndGlobalSection
EndGlobal
